
Microsoft Visual Studio Solution File, Format Version 12.00
# Visual Studio Version 17
VisualStudioVersion = 17.0.32112.339
MinimumVisualStudioVersion = 10.0.40219.1
Project("{FAE04EC0-301F-11D3-BF4B-00C04F79EFBC}") = "CqrsDapperExample", "CqrsDapperExample\CqrsDapperExample.csproj", "{B85F7BC3-A652-4FBB-9E1E-93116C8E1D7B}"
EndProject
Global
	GlobalSection(SolutionConfigurationPlatforms) = preSolution
		Debug|Any CPU = Debug|Any CPU
		Release|Any CPU = Release|Any CPU
	EndGlobalSection
	GlobalSection(ProjectConfigurationPlatforms) = postSolution
		{B85F7BC3-A652-4FBB-9E1E-93116C8E1D7B}.Debug|Any CPU.ActiveCfg = Debug|Any CPU
		{B85F7BC3-A652-4FBB-9E1E-93116C8E1D7B}.Debug|Any CPU.Build.0 = Debug|Any CPU
		{B85F7BC3-A652-4FBB-9E1E-93116C8E1D7B}.Release|Any CPU.ActiveCfg = Release|Any CPU
		{B85F7BC3-A652-4FBB-9E1E-93116C8E1D7B}.Release|Any CPU.Build.0 = Release|Any CPU
	EndGlobalSection
	GlobalSection(SolutionProperties) = preSolution
		HideSolutionNode = FALSE
	EndGlobalSection
	GlobalSection(ExtensibilityGlobals) = postSolution
		SolutionGuid = {785E593C-8506-4E3D-BC29-B233F971FF5C}
	EndGlobalSection
EndGlobal
